# This file was autogenerated by Stack.
# You should not edit this file by hand.
# For more information, please see the documentation at:
#   https://docs.haskellstack.org/en/stable/lock_files

packages:
- completed:
    hackage: amazonka-s3-1.6.1@sha256:9d07240fca59ad5197fb614ce3051e701e4951e6d4625a2dab4a9c17a1900194,6317
    pantry-tree:
      size: 18385
      sha256: 5cab233d241615764d9fd6927bc397f02887154450a9932c38c2e17ea86d79bc
  original:
    hackage: amazonka-s3-1.6.1@sha256:9d07240fca59ad5197fb614ce3051e701e4951e6d4625a2dab4a9c17a1900194,6317
- completed:
    hackage: stratosphere-0.59.1@sha256:e8a77ab12b5243b54bd55f240dcf5617be6b161cd6f84dc0cb1c22ba05c3e63b,145458
    pantry-tree:
      size: 243793
      sha256: d558204a372f28054baf5ea778bf30b193c14ddc4b05e0e0cf7e381bcd3653e3
  original:
    hackage: stratosphere-0.59.1@sha256:e8a77ab12b5243b54bd55f240dcf5617be6b161cd6f84dc0cb1c22ba05c3e63b,145458
- completed:
    hackage: symbols-0.3.0.0@sha256:5d051bccbd4bcb33fa8ce076bd3cd2bacc90973682f7340976758947eaa128a9,964
    pantry-tree:
      size: 529
      sha256: 06746077732f4d49d3277821303292314d51df9a63efecd47217fc0946233026
  original:
    hackage: symbols-0.3.0.0@sha256:5d051bccbd4bcb33fa8ce076bd3cd2bacc90973682f7340976758947eaa128a9,964
- completed:
    hackage: tasty-1.3.1@sha256:01e35c97f7ee5ccbc28f21debea02a38cd010d53b4c3087f5677c5d06617a507,2520
    pantry-tree:
      size: 1804
      sha256: 6150ec5094fe321150b1263bc751c1a85b22be766053fb4648115d8c02b2064b
  original:
    hackage: tasty-1.3.1@sha256:01e35c97f7ee5ccbc28f21debea02a38cd010d53b4c3087f5677c5d06617a507,2520
- completed:
    subdir: amazonka
    name: amazonka
    version: 1.6.1
    git: https://github.com/brendanhay/amazonka
    pantry-tree:
      size: 1038
      sha256: 59c7840fe6c9609d1d5022149010e72db5778e4978b9384b6dee8a4a207c96b3
    commit: 020bc7bde47bb235e448c76088dc44d6cec13e9b
  original:
    subdir: amazonka
    git: https://github.com/brendanhay/amazonka
    commit: 020bc7bde47bb235e448c76088dc44d6cec13e9b
- completed:
    subdir: core
    name: amazonka-core
    version: 1.6.1
    git: https://github.com/brendanhay/amazonka
    pantry-tree:
      size: 3484
      sha256: dbd45ae65d2df195ac670bed949d98ab3764bf5c691594c861337d8228ccc9fb
    commit: 020bc7bde47bb235e448c76088dc44d6cec13e9b
  original:
    subdir: core
    git: https://github.com/brendanhay/amazonka
    commit: 020bc7bde47bb235e448c76088dc44d6cec13e9b
- completed:
    subdir: amazonka-cloudformation
    name: amazonka-cloudformation
    version: 1.6.1
    git: https://github.com/mbj/amazonka
    pantry-tree:
      size: 10760
      sha256: 84a348ddd543a8878c9f9a0525f6ea1a6affc7bc0e1c0bc62c9ea946a648c066
    commit: 33aa6b71309793829b534fb29f6532d71c32b106
  original:
    subdir: amazonka-cloudformation
    git: https://github.com/mbj/amazonka
    commit: 33aa6b71309793829b534fb29f6532d71c32b106
- completed:
    subdir: bounded
    name: bounded
    version: 0.0.1
    git: https://github.com/mbj/mhs
    pantry-tree:
      size: 1165
      sha256: d01aafa7a846f5ad73a3b562f2329ca7a5c9abda5dbb6f66cb1277b0c6b6a266
    commit: f20f71ab60fc120cf25d2bc298717bebff5c4ce2
  original:
    subdir: bounded
    git: https://github.com/mbj/mhs
    commit: f20f71ab60fc120cf25d2bc298717bebff5c4ce2
- completed:
    subdir: cbt
    name: cbt
    version: 0.1.0
    git: https://github.com/mbj/mhs
    pantry-tree:
      size: 1050
      sha256: 37b023ace7280b897dc3719054d3f939a22715e8e266595fdcfef259326e86ec
    commit: f20f71ab60fc120cf25d2bc298717bebff5c4ce2
  original:
    subdir: cbt
    git: https://github.com/mbj/mhs
    commit: f20f71ab60fc120cf25d2bc298717bebff5c4ce2
- completed:
    subdir: conversions
    name: conversions
    version: 0.0.4
    git: https://github.com/mbj/mhs
    pantry-tree:
      size: 495
      sha256: c9447fee2ee7bc682d46713a23a30c530d67b6d151929e8202a40ca03c9e7c31
    commit: f20f71ab60fc120cf25d2bc298717bebff5c4ce2
  original:
    subdir: conversions
    git: https://github.com/mbj/mhs
    commit: f20f71ab60fc120cf25d2bc298717bebff5c4ce2
- completed:
    subdir: devtools
    name: devtools
    version: 0.1.0
    git: https://github.com/mbj/mhs
    pantry-tree:
      size: 714
      sha256: fc504c8120b7ca5f176fdc509d6c451268fd7822f3d6c0a3cb303c3a57d3111d
    commit: f20f71ab60fc120cf25d2bc298717bebff5c4ce2
  original:
    subdir: devtools
    git: https://github.com/mbj/mhs
    commit: f20f71ab60fc120cf25d2bc298717bebff5c4ce2
- completed:
    subdir: lht
    name: lht
    version: 0.0.1
    git: https://github.com/mbj/mhs
    pantry-tree:
      size: 1161
      sha256: 828222ea917a116311c20e855ea2f39dc9cebe224753d6c0eab54de18ba4cc14
    commit: f20f71ab60fc120cf25d2bc298717bebff5c4ce2
  original:
    subdir: lht
    git: https://github.com/mbj/mhs
    commit: f20f71ab60fc120cf25d2bc298717bebff5c4ce2
- completed:
    subdir: mprelude
    name: mprelude
    version: 0.2.1
    git: https://github.com/mbj/mhs
    pantry-tree:
      size: 512
      sha256: 93ac9266ead223e181d4fb27bacb952f867b1824bc2c64d5432fc52d88cd9cce
    commit: f20f71ab60fc120cf25d2bc298717bebff5c4ce2
  original:
    subdir: mprelude
    git: https://github.com/mbj/mhs
    commit: f20f71ab60fc120cf25d2bc298717bebff5c4ce2
- completed:
    subdir: mrio-amazonka
    name: mrio-amazonka
    version: 0.0.1
    git: https://github.com/mbj/mhs
    pantry-tree:
      size: 422
      sha256: fd77ade158a1372f792042a70d2f6999e41529f288d3fa2cb5b088f0b925f12f
    commit: f20f71ab60fc120cf25d2bc298717bebff5c4ce2
  original:
    subdir: mrio-amazonka
    git: https://github.com/mbj/mhs
    commit: f20f71ab60fc120cf25d2bc298717bebff5c4ce2
- completed:
    subdir: mrio-core
    name: mrio-core
    version: 0.0.1
    git: https://github.com/mbj/mhs
    pantry-tree:
      size: 414
      sha256: 5c527a6066de29992f4608cfd0a66e563c9aab3e1fd4bf043b5b9e8a90ea14af
    commit: f20f71ab60fc120cf25d2bc298717bebff5c4ce2
  original:
    subdir: mrio-core
    git: https://github.com/mbj/mhs
    commit: f20f71ab60fc120cf25d2bc298717bebff5c4ce2
- completed:
    subdir: mrio-log
    name: mrio-log
    version: 0.0.1
    git: https://github.com/mbj/mhs
    pantry-tree:
      size: 540
      sha256: dbcf1c210cf92ae8e04f14d860ab37bb06f48eb45d7df2f75da9ecf43d26c028
    commit: f20f71ab60fc120cf25d2bc298717bebff5c4ce2
  original:
    subdir: mrio-log
    git: https://github.com/mbj/mhs
    commit: f20f71ab60fc120cf25d2bc298717bebff5c4ce2
- completed:
    subdir: source-constraints
    name: source-constraints
    version: 0.0.2
    git: https://github.com/mbj/mhs
    pantry-tree:
      size: 938
      sha256: 6f3999ab19ca865e9f9a5d728da9c7e700c76294c11ba8b6bf9640ce338d3569
    commit: f20f71ab60fc120cf25d2bc298717bebff5c4ce2
  original:
    subdir: source-constraints
    git: https://github.com/mbj/mhs
    commit: f20f71ab60fc120cf25d2bc298717bebff5c4ce2
- completed:
    subdir: stack-deploy
    name: stack-deploy
    version: 0.0.1
    git: https://github.com/mbj/mhs
    pantry-tree:
      size: 1536
      sha256: a2ae467627157d3c93031a4b79384a7b5bcee010f4fefeb2fa40b176fee7e3f0
    commit: f20f71ab60fc120cf25d2bc298717bebff5c4ce2
  original:
    subdir: stack-deploy
    git: https://github.com/mbj/mhs
    commit: f20f71ab60fc120cf25d2bc298717bebff5c4ce2
- completed:
    subdir: tasty-mgolden
    name: tasty-mgolden
    version: 0.0.2
    git: https://github.com/mbj/mhs
    pantry-tree:
      size: 621
      sha256: d90cfc2e80505eb55600c1b0cf67c9aa0ee1c2d92dc198c22f0bad5e29210f36
    commit: f20f71ab60fc120cf25d2bc298717bebff5c4ce2
  original:
    subdir: tasty-mgolden
    git: https://github.com/mbj/mhs
    commit: f20f71ab60fc120cf25d2bc298717bebff5c4ce2
snapshots:
- completed:
    size: 585817
    url: https://raw.githubusercontent.com/commercialhaskell/stackage-snapshots/master/lts/18/4.yaml
    sha256: ea3a318eafa9e9cc56bfbe46099fd0d54d32641ab7bbe1d182ed8f5de39f804c
  original: lts-18.4
